{
  "nodes": {
    "nixpkgs": {
      "locked": {
        "lastModified": 1724819573,
        "narHash": "sha256-GnR7/ibgIH1vhoy8cYdmXE6iyZqKqFxQSVkFgosBh6w=",
        "path": "/nix/store/887hpp8a2i99n9jjwcvz6qkhhhqsvzkg-source",
        "rev": "71e91c409d1e654808b2621f28a327acfdad8dc2",
        "type": "path"
      },
      "original": {
        "id": "nixpkgs",
        "type": "indirect"
      }
    },
    "root": {
      "inputs": {
        "nixpkgs": "nixpkgs"
      }
    }
  },
  "root": "root",
  "version": 7
}
